
Microsoft Visual Studio Solution File, Format Version 12.00
# Visual Studio Version 17
VisualStudioVersion = 17.2.32526.322
MinimumVisualStudioVersion = 10.0.40219.1
Project("{FAE04EC0-301F-11D3-BF4B-00C04F79EFBC}") = "csharp-blog-frontend", "csharp-blog-frontend.csproj", "{154F3BB0-509E-4FDB-939A-098715D72F73}"
EndProject
Global
	GlobalSection(SolutionConfigurationPlatforms) = preSolution
		Debug|Any CPU = Debug|Any CPU
		Release|Any CPU = Release|Any CPU
	EndGlobalSection
	GlobalSection(ProjectConfigurationPlatforms) = postSolution
		{154F3BB0-509E-4FDB-939A-098715D72F73}.Debug|Any CPU.ActiveCfg = Debug|Any CPU
		{154F3BB0-509E-4FDB-939A-098715D72F73}.Debug|Any CPU.Build.0 = Debug|Any CPU
		{154F3BB0-509E-4FDB-939A-098715D72F73}.Release|Any CPU.ActiveCfg = Release|Any CPU
		{154F3BB0-509E-4FDB-939A-098715D72F73}.Release|Any CPU.Build.0 = Release|Any CPU
	EndGlobalSection
	GlobalSection(SolutionProperties) = preSolution
		HideSolutionNode = FALSE
	EndGlobalSection
	GlobalSection(ExtensibilityGlobals) = postSolution
		SolutionGuid = {F15E39AF-9AAF-4B24-9E92-C78C68EC6154}
	EndGlobalSection
EndGlobal
